// !$*UTF8*$!
{
	archiveVersion = 1;
	classes = {
	};
	objectVersion = 50;
	objects = {

/* Begin PBXBuildFile section */
		3F2255E9217E2979007EC6E7 /* WeatherService.swift in Sources */ = {isa = PBXBuildFile; fileRef = 3F2255E8217E2979007EC6E7 /* WeatherService.swift */; };
		3F367E36215CF5E5000EF3E2 /* CurrencyViewController.swift in Sources */ = {isa = PBXBuildFile; fileRef = 3F367E35215CF5E5000EF3E2 /* CurrencyViewController.swift */; };
		3F367E38215CFEE1000EF3E2 /* WeatherViewController.swift in Sources */ = {isa = PBXBuildFile; fileRef = 3F367E37215CFEE1000EF3E2 /* WeatherViewController.swift */; };
		3F5B465F2161561D00119CA9 /* UIView.swift in Sources */ = {isa = PBXBuildFile; fileRef = 3F5B465E2161561D00119CA9 /* UIView.swift */; };
		3F5B46612161F9FE00119CA9 /* TranslateViewController.swift in Sources */ = {isa = PBXBuildFile; fileRef = 3F5B46602161F9FE00119CA9 /* TranslateViewController.swift */; };
		3F7154762169398C008B59DA /* CurrencyService.swift in Sources */ = {isa = PBXBuildFile; fileRef = 3F7154752169398C008B59DA /* CurrencyService.swift */; };
		3F71547821694052008B59DA /* InfoRate.swift in Sources */ = {isa = PBXBuildFile; fileRef = 3F71547721694052008B59DA /* InfoRate.swift */; };
		3F8365B52170F43200E8796E /* TranslateService.swift in Sources */ = {isa = PBXBuildFile; fileRef = 3F8365B42170F43200E8796E /* TranslateService.swift */; };
		3F8365B72170F55100E8796E /* Translate.swift in Sources */ = {isa = PBXBuildFile; fileRef = 3F8365B62170F55100E8796E /* Translate.swift */; };
		3FC653BF2178B037006E762A /* LanguageViewController.swift in Sources */ = {isa = PBXBuildFile; fileRef = 3FC653BE2178B037006E762A /* LanguageViewController.swift */; };
		3FD7271E216A993D00DFB9A3 /* ViewController.swift in Sources */ = {isa = PBXBuildFile; fileRef = 3FD7271D216A993D00DFB9A3 /* ViewController.swift */; };
		3FD823DE2164EEAC003D7050 /* ThirstySoftRegular.otf in Resources */ = {isa = PBXBuildFile; fileRef = 3FD823DD2164EEAC003D7050 /* ThirstySoftRegular.otf */; };
		3FD823E02164FFB7003D7050 /* UIColor.swift in Sources */ = {isa = PBXBuildFile; fileRef = 3FD823DF2164FFB7003D7050 /* UIColor.swift */; };
		3FD824202167AE64003D7050 /* WeatherCell.swift in Sources */ = {isa = PBXBuildFile; fileRef = 3FD8241F2167AE64003D7050 /* WeatherCell.swift */; };
		3FD824222167B00A003D7050 /* Weather.swift in Sources */ = {isa = PBXBuildFile; fileRef = 3FD824212167B00A003D7050 /* Weather.swift */; };
		3FF4FC49215A9853007AE3E8 /* AppDelegate.swift in Sources */ = {isa = PBXBuildFile; fileRef = 3FF4FC48215A9853007AE3E8 /* AppDelegate.swift */; };
		3FF4FC4E215A9853007AE3E8 /* Main.storyboard in Resources */ = {isa = PBXBuildFile; fileRef = 3FF4FC4C215A9853007AE3E8 /* Main.storyboard */; };
		3FF4FC50215A9854007AE3E8 /* Assets.xcassets in Resources */ = {isa = PBXBuildFile; fileRef = 3FF4FC4F215A9854007AE3E8 /* Assets.xcassets */; };
		3FF4FC53215A9854007AE3E8 /* LaunchScreen.storyboard in Resources */ = {isa = PBXBuildFile; fileRef = 3FF4FC51215A9854007AE3E8 /* LaunchScreen.storyboard */; };
		3FF4FC5E215A9854007AE3E8 /* BaluchonTests.swift in Sources */ = {isa = PBXBuildFile; fileRef = 3FF4FC5D215A9854007AE3E8 /* BaluchonTests.swift */; };
		3FFBB4D7218A05B400AF9F4F /* Constants.swift in Sources */ = {isa = PBXBuildFile; fileRef = 3FFBB4D6218A05B400AF9F4F /* Constants.swift */; };
		3FFBB4D9218A072500AF9F4F /* WeatherCodeConverter.swift in Sources */ = {isa = PBXBuildFile; fileRef = 3FFBB4D8218A072500AF9F4F /* WeatherCodeConverter.swift */; };
/* End PBXBuildFile section */

/* Begin PBXContainerItemProxy section */
		3FF4FC5A215A9854007AE3E8 /* PBXContainerItemProxy */ = {
			isa = PBXContainerItemProxy;
			containerPortal = 3FF4FC3D215A9853007AE3E8 /* Project object */;
			proxyType = 1;
			remoteGlobalIDString = 3FF4FC44215A9853007AE3E8;
			remoteInfo = Baluchon;
		};
/* End PBXContainerItemProxy section */

/* Begin PBXFileReference section */
		3F2255E8217E2979007EC6E7 /* WeatherService.swift */ = {isa = PBXFileReference; lastKnownFileType = sourcecode.swift; path = WeatherService.swift; sourceTree = "<group>"; };
		3F367E35215CF5E5000EF3E2 /* CurrencyViewController.swift */ = {isa = PBXFileReference; lastKnownFileType = sourcecode.swift; path = CurrencyViewController.swift; sourceTree = "<group>"; };
		3F367E37215CFEE1000EF3E2 /* WeatherViewController.swift */ = {isa = PBXFileReference; lastKnownFileType = sourcecode.swift; path = WeatherViewController.swift; sourceTree = "<group>"; };
		3F5B465E2161561D00119CA9 /* UIView.swift */ = {isa = PBXFileReference; lastKnownFileType = sourcecode.swift; path = UIView.swift; sourceTree = "<group>"; };
		3F5B46602161F9FE00119CA9 /* TranslateViewController.swift */ = {isa = PBXFileReference; lastKnownFileType = sourcecode.swift; path = TranslateViewController.swift; sourceTree = "<group>"; };
		3F7154752169398C008B59DA /* CurrencyService.swift */ = {isa = PBXFileReference; lastKnownFileType = sourcecode.swift; path = CurrencyService.swift; sourceTree = "<group>"; };
		3F71547721694052008B59DA /* InfoRate.swift */ = {isa = PBXFileReference; lastKnownFileType = sourcecode.swift; path = InfoRate.swift; sourceTree = "<group>"; };
		3F8365B42170F43200E8796E /* TranslateService.swift */ = {isa = PBXFileReference; lastKnownFileType = sourcecode.swift; path = TranslateService.swift; sourceTree = "<group>"; };
		3F8365B62170F55100E8796E /* Translate.swift */ = {isa = PBXFileReference; lastKnownFileType = sourcecode.swift; path = Translate.swift; sourceTree = "<group>"; };
		3FC653BE2178B037006E762A /* LanguageViewController.swift */ = {isa = PBXFileReference; lastKnownFileType = sourcecode.swift; path = LanguageViewController.swift; sourceTree = "<group>"; };
		3FD7271D216A993D00DFB9A3 /* ViewController.swift */ = {isa = PBXFileReference; lastKnownFileType = sourcecode.swift; path = ViewController.swift; sourceTree = "<group>"; };
		3FD823DD2164EEAC003D7050 /* ThirstySoftRegular.otf */ = {isa = PBXFileReference; lastKnownFileType = file; path = ThirstySoftRegular.otf; sourceTree = "<group>"; };
		3FD823DF2164FFB7003D7050 /* UIColor.swift */ = {isa = PBXFileReference; lastKnownFileType = sourcecode.swift; path = UIColor.swift; sourceTree = "<group>"; };
		3FD8241F2167AE64003D7050 /* WeatherCell.swift */ = {isa = PBXFileReference; lastKnownFileType = sourcecode.swift; path = WeatherCell.swift; sourceTree = "<group>"; };
		3FD824212167B00A003D7050 /* Weather.swift */ = {isa = PBXFileReference; lastKnownFileType = sourcecode.swift; path = Weather.swift; sourceTree = "<group>"; };
		3FF4FC45215A9853007AE3E8 /* Baluchon.app */ = {isa = PBXFileReference; explicitFileType = wrapper.application; includeInIndex = 0; path = Baluchon.app; sourceTree = BUILT_PRODUCTS_DIR; };
		3FF4FC48215A9853007AE3E8 /* AppDelegate.swift */ = {isa = PBXFileReference; lastKnownFileType = sourcecode.swift; path = AppDelegate.swift; sourceTree = "<group>"; };
		3FF4FC4D215A9853007AE3E8 /* Base */ = {isa = PBXFileReference; lastKnownFileType = file.storyboard; name = Base; path = Base.lproj/Main.storyboard; sourceTree = "<group>"; };
		3FF4FC4F215A9854007AE3E8 /* Assets.xcassets */ = {isa = PBXFileReference; lastKnownFileType = folder.assetcatalog; path = Assets.xcassets; sourceTree = "<group>"; };
		3FF4FC52215A9854007AE3E8 /* Base */ = {isa = PBXFileReference; lastKnownFileType = file.storyboard; name = Base; path = Base.lproj/LaunchScreen.storyboard; sourceTree = "<group>"; };
		3FF4FC54215A9854007AE3E8 /* Info.plist */ = {isa = PBXFileReference; lastKnownFileType = text.plist.xml; path = Info.plist; sourceTree = "<group>"; };
		3FF4FC59215A9854007AE3E8 /* BaluchonTests.xctest */ = {isa = PBXFileReference; explicitFileType = wrapper.cfbundle; includeInIndex = 0; path = BaluchonTests.xctest; sourceTree = BUILT_PRODUCTS_DIR; };
		3FF4FC5D215A9854007AE3E8 /* BaluchonTests.swift */ = {isa = PBXFileReference; lastKnownFileType = sourcecode.swift; path = BaluchonTests.swift; sourceTree = "<group>"; };
		3FF4FC5F215A9854007AE3E8 /* Info.plist */ = {isa = PBXFileReference; lastKnownFileType = text.plist.xml; path = Info.plist; sourceTree = "<group>"; };
		3FFBB4D6218A05B400AF9F4F /* Constants.swift */ = {isa = PBXFileReference; lastKnownFileType = sourcecode.swift; path = Constants.swift; sourceTree = "<group>"; };
		3FFBB4D8218A072500AF9F4F /* WeatherCodeConverter.swift */ = {isa = PBXFileReference; lastKnownFileType = sourcecode.swift; path = WeatherCodeConverter.swift; sourceTree = "<group>"; };
/* End PBXFileReference section */

/* Begin PBXFrameworksBuildPhase section */
		3FF4FC42215A9853007AE3E8 /* Frameworks */ = {
			isa = PBXFrameworksBuildPhase;
			buildActionMask = 2147483647;
			files = (
			);
			runOnlyForDeploymentPostprocessing = 0;
		};
		3FF4FC56215A9854007AE3E8 /* Frameworks */ = {
			isa = PBXFrameworksBuildPhase;
			buildActionMask = 2147483647;
			files = (
			);
			runOnlyForDeploymentPostprocessing = 0;
		};
/* End PBXFrameworksBuildPhase section */

/* Begin PBXGroup section */
		3F7FDD57216B94D200CF457F /* Currency */ = {
			isa = PBXGroup;
			children = (
				3F7154752169398C008B59DA /* CurrencyService.swift */,
				3F71547721694052008B59DA /* InfoRate.swift */,
			);
			path = Currency;
			sourceTree = "<group>";
		};
		3F7FDD58216B94E900CF457F /* Translate */ = {
			isa = PBXGroup;
			children = (
				3F8365B42170F43200E8796E /* TranslateService.swift */,
				3F8365B62170F55100E8796E /* Translate.swift */,
			);
			path = Translate;
			sourceTree = "<group>";
		};
		3F7FDD59216B94F200CF457F /* Weather */ = {
			isa = PBXGroup;
			children = (
				3F2255E8217E2979007EC6E7 /* WeatherService.swift */,
				3FD824212167B00A003D7050 /* Weather.swift */,
				3FFBB4D8218A072500AF9F4F /* WeatherCodeConverter.swift */,
			);
			path = Weather;
			sourceTree = "<group>";
		};
		3FD823DC2163FBEC003D7050 /* Extensions */ = {
			isa = PBXGroup;
			children = (
				3F5B465E2161561D00119CA9 /* UIView.swift */,
				3FD823DF2164FFB7003D7050 /* UIColor.swift */,
				3FD7271D216A993D00DFB9A3 /* ViewController.swift */,
			);
			path = Extensions;
			sourceTree = "<group>";
		};
		3FF4FC3C215A9853007AE3E8 = {
			isa = PBXGroup;
			children = (
				3FF4FC47215A9853007AE3E8 /* Baluchon */,
				3FD823DC2163FBEC003D7050 /* Extensions */,
				3FFBB4D5218A059500AF9F4F /* Ressouces */,
				3FF4FC5C215A9854007AE3E8 /* BaluchonTests */,
				3FF4FC46215A9853007AE3E8 /* Products */,
			);
			sourceTree = "<group>";
		};
		3FF4FC46215A9853007AE3E8 /* Products */ = {
			isa = PBXGroup;
			children = (
				3FF4FC45215A9853007AE3E8 /* Baluchon.app */,
				3FF4FC59215A9854007AE3E8 /* BaluchonTests.xctest */,
			);
			name = Products;
			sourceTree = "<group>";
		};
		3FF4FC47215A9853007AE3E8 /* Baluchon */ = {
			isa = PBXGroup;
			children = (
				3FF4FC6B215A9909007AE3E8 /* Supporting Files */,
				3FF4FC6A215A9904007AE3E8 /* View */,
				3FF4FC69215A98FF007AE3E8 /* Model */,
				3FF4FC68215A98F8007AE3E8 /* Controller */,
			);
			path = Baluchon;
			sourceTree = "<group>";
		};
		3FF4FC5C215A9854007AE3E8 /* BaluchonTests */ = {
			isa = PBXGroup;
			children = (
				3FF4FC5D215A9854007AE3E8 /* BaluchonTests.swift */,
				3FF4FC5F215A9854007AE3E8 /* Info.plist */,
			);
			path = BaluchonTests;
			sourceTree = "<group>";
		};
		3FF4FC68215A98F8007AE3E8 /* Controller */ = {
			isa = PBXGroup;
			children = (
				3F367E35215CF5E5000EF3E2 /* CurrencyViewController.swift */,
				3F5B46602161F9FE00119CA9 /* TranslateViewController.swift */,
				3FC653BE2178B037006E762A /* LanguageViewController.swift */,
				3F367E37215CFEE1000EF3E2 /* WeatherViewController.swift */,
				3FD8241F2167AE64003D7050 /* WeatherCell.swift */,
			);
			path = Controller;
			sourceTree = "<group>";
		};
		3FF4FC69215A98FF007AE3E8 /* Model */ = {
			isa = PBXGroup;
			children = (
				3F7FDD57216B94D200CF457F /* Currency */,
				3F7FDD58216B94E900CF457F /* Translate */,
				3F7FDD59216B94F200CF457F /* Weather */,
			);
			path = Model;
			sourceTree = "<group>";
		};
		3FF4FC6A215A9904007AE3E8 /* View */ = {
			isa = PBXGroup;
			children = (
				3FF4FC4C215A9853007AE3E8 /* Main.storyboard */,
				3FF4FC51215A9854007AE3E8 /* LaunchScreen.storyboard */,
				3FF4FC4F215A9854007AE3E8 /* Assets.xcassets */,
			);
			path = View;
			sourceTree = "<group>";
		};
		3FF4FC6B215A9909007AE3E8 /* Supporting Files */ = {
			isa = PBXGroup;
			children = (
				3FF4FC48215A9853007AE3E8 /* AppDelegate.swift */,
				3FF4FC54215A9854007AE3E8 /* Info.plist */,
				3FD823DD2164EEAC003D7050 /* ThirstySoftRegular.otf */,
			);
			path = "Supporting Files";
			sourceTree = "<group>";
		};
		3FFBB4D5218A059500AF9F4F /* Ressouces */ = {
			isa = PBXGroup;
			children = (
				3FFBB4D6218A05B400AF9F4F /* Constants.swift */,
			);
			path = Ressouces;
			sourceTree = "<group>";
		};
/* End PBXGroup section */

/* Begin PBXNativeTarget section */
		3FF4FC44215A9853007AE3E8 /* Baluchon */ = {
			isa = PBXNativeTarget;
			buildConfigurationList = 3FF4FC62215A9854007AE3E8 /* Build configuration list for PBXNativeTarget "Baluchon" */;
			buildPhases = (
				3FF4FC41215A9853007AE3E8 /* Sources */,
				3FF4FC42215A9853007AE3E8 /* Frameworks */,
				3FF4FC43215A9853007AE3E8 /* Resources */,
			);
			buildRules = (
			);
			dependencies = (
			);
			name = Baluchon;
			productName = Baluchon;
			productReference = 3FF4FC45215A9853007AE3E8 /* Baluchon.app */;
			productType = "com.apple.product-type.application";
		};
		3FF4FC58215A9854007AE3E8 /* BaluchonTests */ = {
			isa = PBXNativeTarget;
			buildConfigurationList = 3FF4FC65215A9854007AE3E8 /* Build configuration list for PBXNativeTarget "BaluchonTests" */;
			buildPhases = (
				3FF4FC55215A9854007AE3E8 /* Sources */,
				3FF4FC56215A9854007AE3E8 /* Frameworks */,
				3FF4FC57215A9854007AE3E8 /* Resources */,
			);
			buildRules = (
			);
			dependencies = (
				3FF4FC5B215A9854007AE3E8 /* PBXTargetDependency */,
			);
			name = BaluchonTests;
			productName = BaluchonTests;
			productReference = 3FF4FC59215A9854007AE3E8 /* BaluchonTests.xctest */;
			productType = "com.apple.product-type.bundle.unit-test";
		};
/* End PBXNativeTarget section */

/* Begin PBXProject section */
		3FF4FC3D215A9853007AE3E8 /* Project object */ = {
			isa = PBXProject;
			attributes = {
				LastSwiftUpdateCheck = 1000;
				LastUpgradeCheck = 1000;
				ORGANIZATIONNAME = "William Désécot";
				TargetAttributes = {
					3FF4FC44215A9853007AE3E8 = {
						CreatedOnToolsVersion = 10.0;
					};
					3FF4FC58215A9854007AE3E8 = {
						CreatedOnToolsVersion = 10.0;
						TestTargetID = 3FF4FC44215A9853007AE3E8;
					};
				};
			};
			buildConfigurationList = 3FF4FC40215A9853007AE3E8 /* Build configuration list for PBXProject "Baluchon" */;
			compatibilityVersion = "Xcode 9.3";
			developmentRegion = en;
			hasScannedForEncodings = 0;
			knownRegions = (
				en,
				Base,
			);
			mainGroup = 3FF4FC3C215A9853007AE3E8;
			productRefGroup = 3FF4FC46215A9853007AE3E8 /* Products */;
			projectDirPath = "";
			projectRoot = "";
			targets = (
				3FF4FC44215A9853007AE3E8 /* Baluchon */,
				3FF4FC58215A9854007AE3E8 /* BaluchonTests */,
			);
		};
/* End PBXProject section */

/* Begin PBXResourcesBuildPhase section */
		3FF4FC43215A9853007AE3E8 /* Resources */ = {
			isa = PBXResourcesBuildPhase;
			buildActionMask = 2147483647;
			files = (
				3FF4FC53215A9854007AE3E8 /* LaunchScreen.storyboard in Resources */,
				3FF4FC50215A9854007AE3E8 /* Assets.xcassets in Resources */,
				3FD823DE2164EEAC003D7050 /* ThirstySoftRegular.otf in Resources */,
				3FF4FC4E215A9853007AE3E8 /* Main.storyboard in Resources */,
			);
			runOnlyForDeploymentPostprocessing = 0;
		};
		3FF4FC57215A9854007AE3E8 /* Resources */ = {
			isa = PBXResourcesBuildPhase;
			buildActionMask = 2147483647;
			files = (
			);
			runOnlyForDeploymentPostprocessing = 0;
		};
/* End PBXResourcesBuildPhase section */

/* Begin PBXSourcesBuildPhase section */
		3FF4FC41215A9853007AE3E8 /* Sources */ = {
			isa = PBXSourcesBuildPhase;
			buildActionMask = 2147483647;
			files = (
				3F8365B52170F43200E8796E /* TranslateService.swift in Sources */,
				3FF4FC49215A9853007AE3E8 /* AppDelegate.swift in Sources */,
				3FD823E02164FFB7003D7050 /* UIColor.swift in Sources */,
				3FFBB4D9218A072500AF9F4F /* WeatherCodeConverter.swift in Sources */,
				3F8365B72170F55100E8796E /* Translate.swift in Sources */,
				3F7154762169398C008B59DA /* CurrencyService.swift in Sources */,
				3F5B46612161F9FE00119CA9 /* TranslateViewController.swift in Sources */,
				3F367E38215CFEE1000EF3E2 /* WeatherViewController.swift in Sources */,
				3FFBB4D7218A05B400AF9F4F /* Constants.swift in Sources */,
				3F367E36215CF5E5000EF3E2 /* CurrencyViewController.swift in Sources */,
				3FD7271E216A993D00DFB9A3 /* ViewController.swift in Sources */,
				3F71547821694052008B59DA /* InfoRate.swift in Sources */,
				3F2255E9217E2979007EC6E7 /* WeatherService.swift in Sources */,
				3FD824222167B00A003D7050 /* Weather.swift in Sources */,
				3F5B465F2161561D00119CA9 /* UIView.swift in Sources */,
				3FC653BF2178B037006E762A /* LanguageViewController.swift in Sources */,
				3FD824202167AE64003D7050 /* WeatherCell.swift in Sources */,
			);
			runOnlyForDeploymentPostprocessing = 0;
		};
		3FF4FC55215A9854007AE3E8 /* Sources */ = {
			isa = PBXSourcesBuildPhase;
			buildActionMask = 2147483647;
			files = (
				3FF4FC5E215A9854007AE3E8 /* BaluchonTests.swift in Sources */,
			);
			runOnlyForDeploymentPostprocessing = 0;
		};
/* End PBXSourcesBuildPhase section */

/* Begin PBXTargetDependency section */
		3FF4FC5B215A9854007AE3E8 /* PBXTargetDependency */ = {
			isa = PBXTargetDependency;
			target = 3FF4FC44215A9853007AE3E8 /* Baluchon */;
			targetProxy = 3FF4FC5A215A9854007AE3E8 /* PBXContainerItemProxy */;
		};
/* End PBXTargetDependency section */

/* Begin PBXVariantGroup section */
		3FF4FC4C215A9853007AE3E8 /* Main.storyboard */ = {
			isa = PBXVariantGroup;
			children = (
				3FF4FC4D215A9853007AE3E8 /* Base */,
			);
			name = Main.storyboard;
			sourceTree = "<group>";
		};
		3FF4FC51215A9854007AE3E8 /* LaunchScreen.storyboard */ = {
			isa = PBXVariantGroup;
			children = (
				3FF4FC52215A9854007AE3E8 /* Base */,
			);
			name = LaunchScreen.storyboard;
			sourceTree = "<group>";
		};
/* End PBXVariantGroup section */

/* Begin XCBuildConfiguration section */
		3FF4FC60215A9854007AE3E8 /* Debug */ = {
			isa = XCBuildConfiguration;
			buildSettings = {
				ALWAYS_SEARCH_USER_PATHS = NO;
				CLANG_ANALYZER_NONNULL = YES;
				CLANG_ANALYZER_NUMBER_OBJECT_CONVERSION = YES_AGGRESSIVE;
				CLANG_CXX_LANGUAGE_STANDARD = "gnu++14";
				CLANG_CXX_LIBRARY = "libc++";
				CLANG_ENABLE_MODULES = YES;
				CLANG_ENABLE_OBJC_ARC = YES;
				CLANG_ENABLE_OBJC_WEAK = YES;
				CLANG_WARN_BLOCK_CAPTURE_AUTORELEASING = YES;
				CLANG_WARN_BOOL_CONVERSION = YES;
				CLANG_WARN_COMMA = YES;
				CLANG_WARN_CONSTANT_CONVERSION = YES;
				CLANG_WARN_DEPRECATED_OBJC_IMPLEMENTATIONS = YES;
				CLANG_WARN_DIRECT_OBJC_ISA_USAGE = YES_ERROR;
				CLANG_WARN_DOCUMENTATION_COMMENTS = YES;
				CLANG_WARN_EMPTY_BODY = YES;
				CLANG_WARN_ENUM_CONVERSION = YES;
				CLANG_WARN_INFINITE_RECURSION = YES;
				CLANG_WARN_INT_CONVERSION = YES;
				CLANG_WARN_NON_LITERAL_NULL_CONVERSION = YES;
				CLANG_WARN_OBJC_IMPLICIT_RETAIN_SELF = YES;
				CLANG_WARN_OBJC_LITERAL_CONVERSION = YES;
				CLANG_WARN_OBJC_ROOT_CLASS = YES_ERROR;
				CLANG_WARN_RANGE_LOOP_ANALYSIS = YES;
				CLANG_WARN_STRICT_PROTOTYPES = YES;
				CLANG_WARN_SUSPICIOUS_MOVE = YES;
				CLANG_WARN_UNGUARDED_AVAILABILITY = YES_AGGRESSIVE;
				CLANG_WARN_UNREACHABLE_CODE = YES;
				CLANG_WARN__DUPLICATE_METHOD_MATCH = YES;
				CODE_SIGN_IDENTITY = "iPhone Developer";
				COPY_PHASE_STRIP = NO;
				DEBUG_INFORMATION_FORMAT = dwarf;
				ENABLE_STRICT_OBJC_MSGSEND = YES;
				ENABLE_TESTABILITY = YES;
				GCC_C_LANGUAGE_STANDARD = gnu11;
				GCC_DYNAMIC_NO_PIC = NO;
				GCC_NO_COMMON_BLOCKS = YES;
				GCC_OPTIMIZATION_LEVEL = 0;
				GCC_PREPROCESSOR_DEFINITIONS = (
					"DEBUG=1",
					"$(inherited)",
				);
				GCC_WARN_64_TO_32_BIT_CONVERSION = YES;
				GCC_WARN_ABOUT_RETURN_TYPE = YES_ERROR;
				GCC_WARN_UNDECLARED_SELECTOR = YES;
				GCC_WARN_UNINITIALIZED_AUTOS = YES_AGGRESSIVE;
				GCC_WARN_UNUSED_FUNCTION = YES;
				GCC_WARN_UNUSED_VARIABLE = YES;
				IPHONEOS_DEPLOYMENT_TARGET = 12.0;
				MTL_ENABLE_DEBUG_INFO = INCLUDE_SOURCE;
				MTL_FAST_MATH = YES;
				ONLY_ACTIVE_ARCH = YES;
				SDKROOT = iphoneos;
				SWIFT_ACTIVE_COMPILATION_CONDITIONS = DEBUG;
				SWIFT_OPTIMIZATION_LEVEL = "-Onone";
			};
			name = Debug;
		};
		3FF4FC61215A9854007AE3E8 /* Release */ = {
			isa = XCBuildConfiguration;
			buildSettings = {
				ALWAYS_SEARCH_USER_PATHS = NO;
				CLANG_ANALYZER_NONNULL = YES;
				CLANG_ANALYZER_NUMBER_OBJECT_CONVERSION = YES_AGGRESSIVE;
				CLANG_CXX_LANGUAGE_STANDARD = "gnu++14";
				CLANG_CXX_LIBRARY = "libc++";
				CLANG_ENABLE_MODULES = YES;
				CLANG_ENABLE_OBJC_ARC = YES;
				CLANG_ENABLE_OBJC_WEAK = YES;
				CLANG_WARN_BLOCK_CAPTURE_AUTORELEASING = YES;
				CLANG_WARN_BOOL_CONVERSION = YES;
				CLANG_WARN_COMMA = YES;
				CLANG_WARN_CONSTANT_CONVERSION = YES;
				CLANG_WARN_DEPRECATED_OBJC_IMPLEMENTATIONS = YES;
				CLANG_WARN_DIRECT_OBJC_ISA_USAGE = YES_ERROR;
				CLANG_WARN_DOCUMENTATION_COMMENTS = YES;
				CLANG_WARN_EMPTY_BODY = YES;
				CLANG_WARN_ENUM_CONVERSION = YES;
				CLANG_WARN_INFINITE_RECURSION = YES;
				CLANG_WARN_INT_CONVERSION = YES;
				CLANG_WARN_NON_LITERAL_NULL_CONVERSION = YES;
				CLANG_WARN_OBJC_IMPLICIT_RETAIN_SELF = YES;
				CLANG_WARN_OBJC_LITERAL_CONVERSION = YES;
				CLANG_WARN_OBJC_ROOT_CLASS = YES_ERROR;
				CLANG_WARN_RANGE_LOOP_ANALYSIS = YES;
				CLANG_WARN_STRICT_PROTOTYPES = YES;
				CLANG_WARN_SUSPICIOUS_MOVE = YES;
				CLANG_WARN_UNGUARDED_AVAILABILITY = YES_AGGRESSIVE;
				CLANG_WARN_UNREACHABLE_CODE = YES;
				CLANG_WARN__DUPLICATE_METHOD_MATCH = YES;
				CODE_SIGN_IDENTITY = "iPhone Developer";
				COPY_PHASE_STRIP = NO;
				DEBUG_INFORMATION_FORMAT = "dwarf-with-dsym";
				ENABLE_NS_ASSERTIONS = NO;
				ENABLE_STRICT_OBJC_MSGSEND = YES;
				GCC_C_LANGUAGE_STANDARD = gnu11;
				GCC_NO_COMMON_BLOCKS = YES;
				GCC_WARN_64_TO_32_BIT_CONVERSION = YES;
				GCC_WARN_ABOUT_RETURN_TYPE = YES_ERROR;
				GCC_WARN_UNDECLARED_SELECTOR = YES;
				GCC_WARN_UNINITIALIZED_AUTOS = YES_AGGRESSIVE;
				GCC_WARN_UNUSED_FUNCTION = YES;
				GCC_WARN_UNUSED_VARIABLE = YES;
				IPHONEOS_DEPLOYMENT_TARGET = 12.0;
				MTL_ENABLE_DEBUG_INFO = NO;
				MTL_FAST_MATH = YES;
				SDKROOT = iphoneos;
				SWIFT_COMPILATION_MODE = wholemodule;
				SWIFT_OPTIMIZATION_LEVEL = "-O";
				VALIDATE_PRODUCT = YES;
			};
			name = Release;
		};
		3FF4FC63215A9854007AE3E8 /* Debug */ = {
			isa = XCBuildConfiguration;
			buildSettings = {
				ASSETCATALOG_COMPILER_APPICON_NAME = AppIcon;
				CODE_SIGN_STYLE = Automatic;
				DEVELOPMENT_TEAM = LGXH6EX8FJ;
				INFOPLIST_FILE = "$(SRCROOT)/Baluchon/Supporting Files/Info.plist";
				LD_RUNPATH_SEARCH_PATHS = (
					"$(inherited)",
					"@executable_path/Frameworks",
				);
				PRODUCT_BUNDLE_IDENTIFIER = William.Baluchon;
				PRODUCT_NAME = "$(TARGET_NAME)";
				SWIFT_VERSION = 4.2;
				TARGETED_DEVICE_FAMILY = "1,2";
			};
			name = Debug;
		};
		3FF4FC64215A9854007AE3E8 /* Release */ = {
			isa = XCBuildConfiguration;
			buildSettings = {
				ASSETCATALOG_COMPILER_APPICON_NAME = AppIcon;
				CODE_SIGN_STYLE = Automatic;
				DEVELOPMENT_TEAM = LGXH6EX8FJ;
				INFOPLIST_FILE = "$(SRCROOT)/Baluchon/Supporting Files/Info.plist";
				LD_RUNPATH_SEARCH_PATHS = (
					"$(inherited)",
					"@executable_path/Frameworks",
				);
				PRODUCT_BUNDLE_IDENTIFIER = William.Baluchon;
				PRODUCT_NAME = "$(TARGET_NAME)";
				SWIFT_VERSION = 4.2;
				TARGETED_DEVICE_FAMILY = "1,2";
			};
			name = Release;
		};
		3FF4FC66215A9854007AE3E8 /* Debug */ = {
			isa = XCBuildConfiguration;
			buildSettings = {
				ALWAYS_EMBED_SWIFT_STANDARD_LIBRARIES = YES;
				BUNDLE_LOADER = "$(TEST_HOST)";
				CODE_SIGN_STYLE = Automatic;
				DEVELOPMENT_TEAM = LGXH6EX8FJ;
				INFOPLIST_FILE = BaluchonTests/Info.plist;
				LD_RUNPATH_SEARCH_PATHS = (
					"$(inherited)",
					"@executable_path/Frameworks",
					"@loader_path/Frameworks",
				);
				PRODUCT_BUNDLE_IDENTIFIER = William.BaluchonTests;
				PRODUCT_NAME = "$(TARGET_NAME)";
				SWIFT_VERSION = 4.2;
				TARGETED_DEVICE_FAMILY = "1,2";
				TEST_HOST = "$(BUILT_PRODUCTS_DIR)/Baluchon.app/Baluchon";
			};
			name = Debug;
		};
		3FF4FC67215A9854007AE3E8 /* Release */ = {
			isa = XCBuildConfiguration;
			buildSettings = {
				ALWAYS_EMBED_SWIFT_STANDARD_LIBRARIES = YES;
				BUNDLE_LOADER = "$(TEST_HOST)";
				CODE_SIGN_STYLE = Automatic;
				DEVELOPMENT_TEAM = LGXH6EX8FJ;
				INFOPLIST_FILE = BaluchonTests/Info.plist;
				LD_RUNPATH_SEARCH_PATHS = (
					"$(inherited)",
					"@executable_path/Frameworks",
					"@loader_path/Frameworks",
				);
				PRODUCT_BUNDLE_IDENTIFIER = William.BaluchonTests;
				PRODUCT_NAME = "$(TARGET_NAME)";
				SWIFT_VERSION = 4.2;
				TARGETED_DEVICE_FAMILY = "1,2";
				TEST_HOST = "$(BUILT_PRODUCTS_DIR)/Baluchon.app/Baluchon";
			};
			name = Release;
		};
/* End XCBuildConfiguration section */

/* Begin XCConfigurationList section */
		3FF4FC40215A9853007AE3E8 /* Build configuration list for PBXProject "Baluchon" */ = {
			isa = XCConfigurationList;
			buildConfigurations = (
				3FF4FC60215A9854007AE3E8 /* Debug */,
				3FF4FC61215A9854007AE3E8 /* Release */,
			);
			defaultConfigurationIsVisible = 0;
			defaultConfigurationName = Release;
		};
		3FF4FC62215A9854007AE3E8 /* Build configuration list for PBXNativeTarget "Baluchon" */ = {
			isa = XCConfigurationList;
			buildConfigurations = (
				3FF4FC63215A9854007AE3E8 /* Debug */,
				3FF4FC64215A9854007AE3E8 /* Release */,
			);
			defaultConfigurationIsVisible = 0;
			defaultConfigurationName = Release;
		};
		3FF4FC65215A9854007AE3E8 /* Build configuration list for PBXNativeTarget "BaluchonTests" */ = {
			isa = XCConfigurationList;
			buildConfigurations = (
				3FF4FC66215A9854007AE3E8 /* Debug */,
				3FF4FC67215A9854007AE3E8 /* Release */,
			);
			defaultConfigurationIsVisible = 0;
			defaultConfigurationName = Release;
		};
/* End XCConfigurationList section */
	};
	rootObject = 3FF4FC3D215A9853007AE3E8 /* Project object */;
}
